
Microsoft Visual Studio Solution File, Format Version 12.00
# Visual Studio 15
VisualStudioVersion = 15.0.27703.2035
MinimumVisualStudioVersion = 10.0.40219.1
Project("{FAE04EC0-301F-11D3-BF4B-00C04F79EFBC}") = "Roller", "Roller\Roller.csproj", "{9F4CACD9-2708-4795-83EA-DAF84790A41A}"
EndProject
Global
	GlobalSection(SolutionConfigurationPlatforms) = preSolution
		Debug|Any CPU = Debug|Any CPU
		Release|Any CPU = Release|Any CPU
	EndGlobalSection
	GlobalSection(ProjectConfigurationPlatforms) = postSolution
		{9F4CACD9-2708-4795-83EA-DAF84790A41A}.Debug|Any CPU.ActiveCfg = Debug|Any CPU
		{9F4CACD9-2708-4795-83EA-DAF84790A41A}.Debug|Any CPU.Build.0 = Debug|Any CPU
		{9F4CACD9-2708-4795-83EA-DAF84790A41A}.Release|Any CPU.ActiveCfg = Release|Any CPU
		{9F4CACD9-2708-4795-83EA-DAF84790A41A}.Release|Any CPU.Build.0 = Release|Any CPU
	EndGlobalSection
	GlobalSection(SolutionProperties) = preSolution
		HideSolutionNode = FALSE
	EndGlobalSection
	GlobalSection(ExtensibilityGlobals) = postSolution
		SolutionGuid = {BFB2EDF1-3DA1-483B-B7F1-518725B721D0}
	EndGlobalSection
EndGlobal
